Microsoft Visual Studio Solution File, Format Version 8.00
Project("{8BC9CEB8-8B4A-11D0-8D11-00A0C91BC942}") = "uniq", "src\uniq.vcproj", "{2CF90E94-B9C3-4EC4-AAD4-D1084A0BCE01}"
	ProjectSection(ProjectDependencies) = postProject
	EndProjectSection
EndProject
Global
	GlobalSection(SolutionConfiguration) = preSolution
		Debug = Debug
		Release = Release
	EndGlobalSection
	GlobalSection(ProjectConfiguration) = postSolution
		{2CF90E94-B9C3-4EC4-AAD4-D1084A0BCE01}.Debug.ActiveCfg = Debug|Win32
		{2CF90E94-B9C3-4EC4-AAD4-D1084A0BCE01}.Debug.Build.0 = Debug|Win32
		{2CF90E94-B9C3-4EC4-AAD4-D1084A0BCE01}.Release.ActiveCfg = Release|Win32
		{2CF90E94-B9C3-4EC4-AAD4-D1084A0BCE01}.Release.Build.0 = Release|Win32
	EndGlobalSection
	GlobalSection(ExtensibilityGlobals) = postSolution
	EndGlobalSection
	GlobalSection(ExtensibilityAddIns) = postSolution
	EndGlobalSection
EndGlobal
